
Microsoft Visual Studio Solution File, Format Version 12.00
# Visual Studio Version 16
VisualStudioVersion = 16.0.30204.135
MinimumVisualStudioVersion = 10.0.40219.1
Project("{FAE04EC0-301F-11D3-BF4B-00C04F79EFBC}") = "Design Patterns", "Design Patterns.csproj", "{B8D6393D-BE9E-42F0-B436-2B126C33E18E}"
EndProject
Global
	GlobalSection(SolutionConfigurationPlatforms) = preSolution
		Debug|Any CPU = Debug|Any CPU
		Release|Any CPU = Release|Any CPU
	EndGlobalSection
	GlobalSection(ProjectConfigurationPlatforms) = postSolution
		{B8D6393D-BE9E-42F0-B436-2B126C33E18E}.Debug|Any CPU.ActiveCfg = Debug|Any CPU
		{B8D6393D-BE9E-42F0-B436-2B126C33E18E}.Debug|Any CPU.Build.0 = Debug|Any CPU
		{B8D6393D-BE9E-42F0-B436-2B126C33E18E}.Release|Any CPU.ActiveCfg = Release|Any CPU
		{B8D6393D-BE9E-42F0-B436-2B126C33E18E}.Release|Any CPU.Build.0 = Release|Any CPU
	EndGlobalSection
	GlobalSection(SolutionProperties) = preSolution
		HideSolutionNode = FALSE
	EndGlobalSection
	GlobalSection(ExtensibilityGlobals) = postSolution
		SolutionGuid = {AF9A027C-F007-45AC-AA68-E1BEE34F4E76}
	EndGlobalSection
EndGlobal
